
Microsoft Visual Studio Solution File, Format Version 12.00
# Visual Studio 15
VisualStudioVersion = 15.0.27130.2010
MinimumVisualStudioVersion = 10.0.40219.1
Project("{FAE04EC0-301F-11D3-BF4B-00C04F79EFBC}") = "PostApp.Android", "PostApp\PostApp.Android\PostApp.Android.csproj", "{8811439D-2F4F-4E99-94B4-C12680F83150}"
EndProject
Project("{FAE04EC0-301F-11D3-BF4B-00C04F79EFBC}") = "PostApp.iOS", "PostApp\PostApp.iOS\PostApp.iOS.csproj", "{7DB5F106-41A8-41EE-B32C-2F7A4A229563}"
EndProject
Project("{D954291E-2A0B-460D-934E-DC6B0785DB48}") = "PostApp", "PostApp\PostApp\PostApp.shproj", "{3DF4DDCF-7759-438E-B49C-282ACC406648}"
EndProject
Project("{FAE04EC0-301F-11D3-BF4B-00C04F79EFBC}") = "PostApp.Data", "PostApp.Data\PostApp.Data.csproj", "{8B6C1D81-B868-42D6-BFB9-146B173A8B60}"
EndProject
Project("{FAE04EC0-301F-11D3-BF4B-00C04F79EFBC}") = "PostApp.Net", "PostApp.Net\PostApp.Net.csproj", "{0C649658-F961-4F59-A418-46EEA7B22DE4}"
EndProject
Global
	GlobalSection(SharedMSBuildProjectFiles) = preSolution
		PostApp\PostApp\PostApp.projitems*{3df4ddcf-7759-438e-b49c-282acc406648}*SharedItemsImports = 13
		PostApp\PostApp\PostApp.projitems*{7db5f106-41a8-41ee-b32c-2f7a4a229563}*SharedItemsImports = 4
		PostApp\PostApp\PostApp.projitems*{8811439d-2f4f-4e99-94b4-c12680f83150}*SharedItemsImports = 4
	EndGlobalSection
	GlobalSection(SolutionConfigurationPlatforms) = preSolution
		Ad-Hoc|Any CPU = Ad-Hoc|Any CPU
		Ad-Hoc|iPhone = Ad-Hoc|iPhone
		Ad-Hoc|iPhoneSimulator = Ad-Hoc|iPhoneSimulator
		AppStore|Any CPU = AppStore|Any CPU
		AppStore|iPhone = AppStore|iPhone
		AppStore|iPhoneSimulator = AppStore|iPhoneSimulator
		Debug|Any CPU = Debug|Any CPU
		Debug|iPhone = Debug|iPhone
		Debug|iPhoneSimulator = Debug|iPhoneSimulator
		Release|Any CPU = Release|Any CPU
		Release|iPhone = Release|iPhone
		Release|iPhoneSimulator = Release|iPhoneSimulator
	EndGlobalSection
	GlobalSection(ProjectConfigurationPlatforms) = postSolution
		{8811439D-2F4F-4E99-94B4-C12680F83150}.Ad-Hoc|Any CPU.ActiveCfg = Release|Any CPU
		{8811439D-2F4F-4E99-94B4-C12680F83150}.Ad-Hoc|Any CPU.Build.0 = Release|Any CPU
		{8811439D-2F4F-4E99-94B4-C12680F83150}.Ad-Hoc|Any CPU.Deploy.0 = Release|Any CPU
		{8811439D-2F4F-4E99-94B4-C12680F83150}.Ad-Hoc|iPhone.ActiveCfg = Release|Any CPU
		{8811439D-2F4F-4E99-94B4-C12680F83150}.Ad-Hoc|iPhone.Build.0 = Release|Any CPU
		{8811439D-2F4F-4E99-94B4-C12680F83150}.Ad-Hoc|iPhone.Deploy.0 = Release|Any CPU
		{8811439D-2F4F-4E99-94B4-C12680F83150}.Ad-Hoc|iPhoneSimulator.ActiveCfg = Release|Any CPU
		{8811439D-2F4F-4E99-94B4-C12680F83150}.Ad-Hoc|iPhoneSimulator.Build.0 = Release|Any CPU
		{8811439D-2F4F-4E99-94B4-C12680F83150}.Ad-Hoc|iPhoneSimulator.Deploy.0 = Release|Any CPU
		{8811439D-2F4F-4E99-94B4-C12680F83150}.AppStore|Any CPU.ActiveCfg = Release|Any CPU
		{8811439D-2F4F-4E99-94B4-C12680F83150}.AppStore|Any CPU.Build.0 = Release|Any CPU
		{8811439D-2F4F-4E99-94B4-C12680F83150}.AppStore|Any CPU.Deploy.0 = Release|Any CPU
		{8811439D-2F4F-4E99-94B4-C12680F83150}.AppStore|iPhone.ActiveCfg = Release|Any CPU
		{8811439D-2F4F-4E99-94B4-C12680F83150}.AppStore|iPhone.Build.0 = Release|Any CPU
		{8811439D-2F4F-4E99-94B4-C12680F83150}.AppStore|iPhone.Deploy.0 = Release|Any CPU
		{8811439D-2F4F-4E99-94B4-C12680F83150}.AppStore|iPhoneSimulator.ActiveCfg = Release|Any CPU
		{8811439D-2F4F-4E99-94B4-C12680F83150}.AppStore|iPhoneSimulator.Build.0 = Release|Any CPU
		{8811439D-2F4F-4E99-94B4-C12680F83150}.AppStore|iPhoneSimulator.Deploy.0 = Release|Any CPU
		{8811439D-2F4F-4E99-94B4-C12680F83150}.Debug|Any CPU.ActiveCfg = Debug|Any CPU
		{8811439D-2F4F-4E99-94B4-C12680F83150}.Debug|Any CPU.Build.0 = Debug|Any CPU
		{8811439D-2F4F-4E99-94B4-C12680F83150}.Debug|Any CPU.Deploy.0 = Debug|Any CPU
		{8811439D-2F4F-4E99-94B4-C12680F83150}.Debug|iPhone.ActiveCfg = Debug|Any CPU
		{8811439D-2F4F-4E99-94B4-C12680F83150}.Debug|iPhone.Build.0 = Debug|Any CPU
		{8811439D-2F4F-4E99-94B4-C12680F83150}.Debug|iPhone.Deploy.0 = Debug|Any CPU
		{8811439D-2F4F-4E99-94B4-C12680F83150}.Debug|iPhoneSimulator.ActiveCfg = Debug|Any CPU
		{8811439D-2F4F-4E99-94B4-C12680F83150}.Debug|iPhoneSimulator.Build.0 = Debug|Any CPU
		{8811439D-2F4F-4E99-94B4-C12680F83150}.Debug|iPhoneSimulator.Deploy.0 = Debug|Any CPU
		{8811439D-2F4F-4E99-94B4-C12680F83150}.Release|Any CPU.ActiveCfg = Release|Any CPU
		{8811439D-2F4F-4E99-94B4-C12680F83150}.Release|Any CPU.Build.0 = Release|Any CPU
		{8811439D-2F4F-4E99-94B4-C12680F83150}.Release|Any CPU.Deploy.0 = Release|Any CPU
		{8811439D-2F4F-4E99-94B4-C12680F83150}.Release|iPhone.ActiveCfg = Release|Any CPU
		{8811439D-2F4F-4E99-94B4-C12680F83150}.Release|iPhone.Build.0 = Release|Any CPU
		{8811439D-2F4F-4E99-94B4-C12680F83150}.Release|iPhone.Deploy.0 = Release|Any CPU
		{8811439D-2F4F-4E99-94B4-C12680F83150}.Release|iPhoneSimulator.ActiveCfg = Release|Any CPU
		{8811439D-2F4F-4E99-94B4-C12680F83150}.Release|iPhoneSimulator.Build.0 = Release|Any CPU
		{8811439D-2F4F-4E99-94B4-C12680F83150}.Release|iPhoneSimulator.Deploy.0 = Release|Any CPU
		{7DB5F106-41A8-41EE-B32C-2F7A4A229563}.Ad-Hoc|Any CPU.ActiveCfg = Ad-Hoc|iPhone
		{7DB5F106-41A8-41EE-B32C-2F7A4A229563}.Ad-Hoc|iPhone.ActiveCfg = Ad-Hoc|iPhone
		{7DB5F106-41A8-41EE-B32C-2F7A4A229563}.Ad-Hoc|iPhone.Build.0 = Ad-Hoc|iPhone
		{7DB5F106-41A8-41EE-B32C-2F7A4A229563}.Ad-Hoc|iPhoneSimulator.ActiveCfg = Ad-Hoc|iPhoneSimulator
		{7DB5F106-41A8-41EE-B32C-2F7A4A229563}.Ad-Hoc|iPhoneSimulator.Build.0 = Ad-Hoc|iPhoneSimulator
		{7DB5F106-41A8-41EE-B32C-2F7A4A229563}.AppStore|Any CPU.ActiveCfg = AppStore|iPhone
		{7DB5F106-41A8-41EE-B32C-2F7A4A229563}.AppStore|iPhone.ActiveCfg = AppStore|iPhone
		{7DB5F106-41A8-41EE-B32C-2F7A4A229563}.AppStore|iPhone.Build.0 = AppStore|iPhone
		{7DB5F106-41A8-41EE-B32C-2F7A4A229563}.AppStore|iPhoneSimulator.ActiveCfg = AppStore|iPhoneSimulator
		{7DB5F106-41A8-41EE-B32C-2F7A4A229563}.AppStore|iPhoneSimulator.Build.0 = AppStore|iPhoneSimulator
		{7DB5F106-41A8-41EE-B32C-2F7A4A229563}.Debug|Any CPU.ActiveCfg = Debug|iPhone
		{7DB5F106-41A8-41EE-B32C-2F7A4A229563}.Debug|iPhone.ActiveCfg = Debug|iPhone
		{7DB5F106-41A8-41EE-B32C-2F7A4A229563}.Debug|iPhone.Build.0 = Debug|iPhone
		{7DB5F106-41A8-41EE-B32C-2F7A4A229563}.Debug|iPhoneSimulator.ActiveCfg = Debug|iPhoneSimulator
		{7DB5F106-41A8-41EE-B32C-2F7A4A229563}.Debug|iPhoneSimulator.Build.0 = Debug|iPhoneSimulator
		{7DB5F106-41A8-41EE-B32C-2F7A4A229563}.Release|Any CPU.ActiveCfg = Release|iPhone
		{7DB5F106-41A8-41EE-B32C-2F7A4A229563}.Release|iPhone.ActiveCfg = Release|iPhone
		{7DB5F106-41A8-41EE-B32C-2F7A4A229563}.Release|iPhone.Build.0 = Release|iPhone
		{7DB5F106-41A8-41EE-B32C-2F7A4A229563}.Release|iPhoneSimulator.ActiveCfg = Release|iPhoneSimulator
		{7DB5F106-41A8-41EE-B32C-2F7A4A229563}.Release|iPhoneSimulator.Build.0 = Release|iPhoneSimulator
		{8B6C1D81-B868-42D6-BFB9-146B173A8B60}.Ad-Hoc|Any CPU.ActiveCfg = Debug|Any CPU
		{8B6C1D81-B868-42D6-BFB9-146B173A8B60}.Ad-Hoc|Any CPU.Build.0 = Debug|Any CPU
		{8B6C1D81-B868-42D6-BFB9-146B173A8B60}.Ad-Hoc|iPhone.ActiveCfg = Debug|Any CPU
		{8B6C1D81-B868-42D6-BFB9-146B173A8B60}.Ad-Hoc|iPhone.Build.0 = Debug|Any CPU
		{8B6C1D81-B868-42D6-BFB9-146B173A8B60}.Ad-Hoc|iPhoneSimulator.ActiveCfg = Debug|Any CPU
		{8B6C1D81-B868-42D6-BFB9-146B173A8B60}.Ad-Hoc|iPhoneSimulator.Build.0 = Debug|Any CPU
		{8B6C1D81-B868-42D6-BFB9-146B173A8B60}.AppStore|Any CPU.ActiveCfg = Debug|Any CPU
		{8B6C1D81-B868-42D6-BFB9-146B173A8B60}.AppStore|Any CPU.Build.0 = Debug|Any CPU
		{8B6C1D81-B868-42D6-BFB9-146B173A8B60}.AppStore|iPhone.ActiveCfg = Debug|Any CPU
		{8B6C1D81-B868-42D6-BFB9-146B173A8B60}.AppStore|iPhone.Build.0 = Debug|Any CPU
		{8B6C1D81-B868-42D6-BFB9-146B173A8B60}.AppStore|iPhoneSimulator.ActiveCfg = Debug|Any CPU
		{8B6C1D81-B868-42D6-BFB9-146B173A8B60}.AppStore|iPhoneSimulator.Build.0 = Debug|Any CPU
		{8B6C1D81-B868-42D6-BFB9-146B173A8B60}.Debug|Any CPU.ActiveCfg = Debug|Any CPU
		{8B6C1D81-B868-42D6-BFB9-146B173A8B60}.Debug|Any CPU.Build.0 = Debug|Any CPU
		{8B6C1D81-B868-42D6-BFB9-146B173A8B60}.Debug|iPhone.ActiveCfg = Debug|Any CPU
		{8B6C1D81-B868-42D6-BFB9-146B173A8B60}.Debug|iPhone.Build.0 = Debug|Any CPU
		{8B6C1D81-B868-42D6-BFB9-146B173A8B60}.Debug|iPhoneSimulator.ActiveCfg = Debug|Any CPU
		{8B6C1D81-B868-42D6-BFB9-146B173A8B60}.Debug|iPhoneSimulator.Build.0 = Debug|Any CPU
		{8B6C1D81-B868-42D6-BFB9-146B173A8B60}.Release|Any CPU.ActiveCfg = Release|Any CPU
		{8B6C1D81-B868-42D6-BFB9-146B173A8B60}.Release|Any CPU.Build.0 = Release|Any CPU
		{8B6C1D81-B868-42D6-BFB9-146B173A8B60}.Release|iPhone.ActiveCfg = Release|Any CPU
		{8B6C1D81-B868-42D6-BFB9-146B173A8B60}.Release|iPhone.Build.0 = Release|Any CPU
		{8B6C1D81-B868-42D6-BFB9-146B173A8B60}.Release|iPhoneSimulator.ActiveCfg = Release|Any CPU
		{8B6C1D81-B868-42D6-BFB9-146B173A8B60}.Release|iPhoneSimulator.Build.0 = Release|Any CPU
		{0C649658-F961-4F59-A418-46EEA7B22DE4}.Ad-Hoc|Any CPU.ActiveCfg = Debug|Any CPU
		{0C649658-F961-4F59-A418-46EEA7B22DE4}.Ad-Hoc|Any CPU.Build.0 = Debug|Any CPU
		{0C649658-F961-4F59-A418-46EEA7B22DE4}.Ad-Hoc|iPhone.ActiveCfg = Debug|Any CPU
		{0C649658-F961-4F59-A418-46EEA7B22DE4}.Ad-Hoc|iPhone.Build.0 = Debug|Any CPU
		{0C649658-F961-4F59-A418-46EEA7B22DE4}.Ad-Hoc|iPhoneSimulator.ActiveCfg = Debug|Any CPU
		{0C649658-F961-4F59-A418-46EEA7B22DE4}.Ad-Hoc|iPhoneSimulator.Build.0 = Debug|Any CPU
		{0C649658-F961-4F59-A418-46EEA7B22DE4}.AppStore|Any CPU.ActiveCfg = Debug|Any CPU
		{0C649658-F961-4F59-A418-46EEA7B22DE4}.AppStore|Any CPU.Build.0 = Debug|Any CPU
		{0C649658-F961-4F59-A418-46EEA7B22DE4}.AppStore|iPhone.ActiveCfg = Debug|Any CPU
		{0C649658-F961-4F59-A418-46EEA7B22DE4}.AppStore|iPhone.Build.0 = Debug|Any CPU
		{0C649658-F961-4F59-A418-46EEA7B22DE4}.AppStore|iPhoneSimulator.ActiveCfg = Debug|Any CPU
		{0C649658-F961-4F59-A418-46EEA7B22DE4}.AppStore|iPhoneSimulator.Build.0 = Debug|Any CPU
		{0C649658-F961-4F59-A418-46EEA7B22DE4}.Debug|Any CPU.ActiveCfg = Debug|Any CPU
		{0C649658-F961-4F59-A418-46EEA7B22DE4}.Debug|Any CPU.Build.0 = Debug|Any CPU
		{0C649658-F961-4F59-A418-46EEA7B22DE4}.Debug|iPhone.ActiveCfg = Debug|Any CPU
		{0C649658-F961-4F59-A418-46EEA7B22DE4}.Debug|iPhone.Build.0 = Debug|Any CPU
		{0C649658-F961-4F59-A418-46EEA7B22DE4}.Debug|iPhoneSimulator.ActiveCfg = Debug|Any CPU
		{0C649658-F961-4F59-A418-46EEA7B22DE4}.Debug|iPhoneSimulator.Build.0 = Debug|Any CPU
		{0C649658-F961-4F59-A418-46EEA7B22DE4}.Release|Any CPU.ActiveCfg = Release|Any CPU
		{0C649658-F961-4F59-A418-46EEA7B22DE4}.Release|Any CPU.Build.0 = Release|Any CPU
		{0C649658-F961-4F59-A418-46EEA7B22DE4}.Release|iPhone.ActiveCfg = Release|Any CPU
		{0C649658-F961-4F59-A418-46EEA7B22DE4}.Release|iPhone.Build.0 = Release|Any CPU
		{0C649658-F961-4F59-A418-46EEA7B22DE4}.Release|iPhoneSimulator.ActiveCfg = Release|Any CPU
		{0C649658-F961-4F59-A418-46EEA7B22DE4}.Release|iPhoneSimulator.Build.0 = Release|Any CPU
	EndGlobalSection
	GlobalSection(SolutionProperties) = preSolution
		HideSolutionNode = FALSE
	EndGlobalSection
	GlobalSection(ExtensibilityGlobals) = postSolution
		SolutionGuid = {6E64390B-5A34-452A-9549-5EBB86AD8F74}
	EndGlobalSection
EndGlobal
